
Microsoft Visual Studio Solution File, Format Version 12.00
# Visual Studio Version 17
VisualStudioVersion = 17.5.33502.453
MinimumVisualStudioVersion = 10.0.40219.1
Project("{FAE04EC0-301F-11D3-BF4B-00C04F79EFBC}") = "CabInvoiceGeneraterProject", "CabInvoiceGeneraterProject.csproj", "{B2F8E2C5-77E0-4C22-903A-09E671E3E97B}"
EndProject
Project("{FAE04EC0-301F-11D3-BF4B-00C04F79EFBC}") = "CabInvoiceGeneraterTestCase", "..\CabInvoiceGeneraterTestCase\CabInvoiceGeneraterTestCase.csproj", "{B4F22A49-4836-48E3-9144-C8BCFE6399C3}"
EndProject
Global
	GlobalSection(SolutionConfigurationPlatforms) = preSolution
		Debug|Any CPU = Debug|Any CPU
		Release|Any CPU = Release|Any CPU
	EndGlobalSection
	GlobalSection(ProjectConfigurationPlatforms) = postSolution
		{B2F8E2C5-77E0-4C22-903A-09E671E3E97B}.Debug|Any CPU.ActiveCfg = Debug|Any CPU
		{B2F8E2C5-77E0-4C22-903A-09E671E3E97B}.Debug|Any CPU.Build.0 = Debug|Any CPU
		{B2F8E2C5-77E0-4C22-903A-09E671E3E97B}.Release|Any CPU.ActiveCfg = Release|Any CPU
		{B2F8E2C5-77E0-4C22-903A-09E671E3E97B}.Release|Any CPU.Build.0 = Release|Any CPU
		{B4F22A49-4836-48E3-9144-C8BCFE6399C3}.Debug|Any CPU.ActiveCfg = Debug|Any CPU
		{B4F22A49-4836-48E3-9144-C8BCFE6399C3}.Debug|Any CPU.Build.0 = Debug|Any CPU
		{B4F22A49-4836-48E3-9144-C8BCFE6399C3}.Release|Any CPU.ActiveCfg = Release|Any CPU
		{B4F22A49-4836-48E3-9144-C8BCFE6399C3}.Release|Any CPU.Build.0 = Release|Any CPU
	EndGlobalSection
	GlobalSection(SolutionProperties) = preSolution
		HideSolutionNode = FALSE
	EndGlobalSection
	GlobalSection(ExtensibilityGlobals) = postSolution
		SolutionGuid = {EB7A8F94-6587-46FB-9C81-88324C44DB81}
	EndGlobalSection
EndGlobal
